// !$*UTF8*$!
{
	archiveVersion = 1;
	classes = {
	};
	objectVersion = 77;
	objects = {

/* Begin PBXBuildFile section */
		0E263671EB730954F499D481 /* AgentMonitorApp.swift in Sources */ = {isa = PBXBuildFile; fileRef = 4DB38D983D931D6521EDE69C /* AgentMonitorApp.swift */; };
		25543CCE9E0EECDCFB06842E /* Assets.xcassets in Resources */ = {isa = PBXBuildFile; fileRef = 0E3867EDBEAAEA38CF7DACCD /* Assets.xcassets */; };
		2E30C5BC724DD911FA03734F /* AgentListView.swift in Sources */ = {isa = PBXBuildFile; fileRef = C2F2E336E4D8AB08AB9B3DBD /* AgentListView.swift */; };
		33BD468694632D163FA45302 /* OnboardingView.swift in Sources */ = {isa = PBXBuildFile; fileRef = 38C1CA3C1E30F71AA419FAA4 /* OnboardingView.swift */; };
		417B67C81977FD458080922C /* ActivityMonitor.swift in Sources */ = {isa = PBXBuildFile; fileRef = 5E17178CB03740E7B225E8EA /* ActivityMonitor.swift */; };
		461F69E301819475017FD073 /* MenuBarIconState.swift in Sources */ = {isa = PBXBuildFile; fileRef = AC696F8D3A070C57BF04D858 /* MenuBarIconState.swift */; };
		4D9AB59BF9E1E07E7F295CF9 /* StatusDot.swift in Sources */ = {isa = PBXBuildFile; fileRef = 5BE428A2077C8F56A4ACE9B0 /* StatusDot.swift */; };
		50DB550421AB0FE3EBBA35B9 /* OpenCodeDetector.swift in Sources */ = {isa = PBXBuildFile; fileRef = 848C2F067BBC4A08C62305A9 /* OpenCodeDetector.swift */; };
		54DB2A1A37C60A3D9237B5F2 /* AgentInstance.swift in Sources */ = {isa = PBXBuildFile; fileRef = 83640AA31F9C2865AAC49E59 /* AgentInstance.swift */; };
		6D481BC3DAE2094D646458B4 /* AgentType.swift in Sources */ = {isa = PBXBuildFile; fileRef = ECB31BB65387D9F8D7DFBCA5 /* AgentType.swift */; };
		7C93D6C8A3A2E2D28CA771E2 /* ProcessTreeResolver.swift in Sources */ = {isa = PBXBuildFile; fileRef = ACF32AD48C700BED60F98088 /* ProcessTreeResolver.swift */; };
		7E8B4F32FF0DD674A60DA562 /* MenuBarManager.swift in Sources */ = {isa = PBXBuildFile; fileRef = 15D32272A9896E1270BE969D /* MenuBarManager.swift */; };
		82DA0432F15EF272BE9FEB83 /* AgentMonitorService.swift in Sources */ = {isa = PBXBuildFile; fileRef = A8A33A20DFD2AFEF04E31D8F /* AgentMonitorService.swift */; };
		AA0E9EB4782AC319BC91F17E /* ActivityState.swift in Sources */ = {isa = PBXBuildFile; fileRef = 5DD38ABA8F074A4A578EF26D /* ActivityState.swift */; };
		B8E4DA3AC63EF60DD53BAD77 /* DurationLabel.swift in Sources */ = {isa = PBXBuildFile; fileRef = 3A1D3A9A65EA64AD96908E72 /* DurationLabel.swift */; };
		BCBE63650211696636E68CD5 /* AgentRowView.swift in Sources */ = {isa = PBXBuildFile; fileRef = F9352C6F0B15B152EFF84EB9 /* AgentRowView.swift */; };
		CED50782AE04844DAB0D9BFC /* ProcessTreeInfo.swift in Sources */ = {isa = PBXBuildFile; fileRef = 5B68F604ABC205674EB180C2 /* ProcessTreeInfo.swift */; };
		D064F6DF3563FA026375E3C0 /* ClaudeCodeDetector.swift in Sources */ = {isa = PBXBuildFile; fileRef = 6A5D38B67544ABCC194F68A3 /* ClaudeCodeDetector.swift */; };
		D090E3DB31FA39782990B54F /* AgentDetector.swift in Sources */ = {isa = PBXBuildFile; fileRef = 465D2735056FDA70AD4D18EC /* AgentDetector.swift */; };
		D46FE4CFDA20AD4FB4BBB899 /* FocusTerminalService.swift in Sources */ = {isa = PBXBuildFile; fileRef = CA77959BF9A0D2AC9F52355C /* FocusTerminalService.swift */; };
		D50E05572014A7B08791FD68 /* ContentView.swift in Sources */ = {isa = PBXBuildFile; fileRef = 573154EA4D7BF63E0DFAEE9E /* ContentView.swift */; };
		E67C43DFDC55F2519246EDE2 /* EmptyStateView.swift in Sources */ = {isa = PBXBuildFile; fileRef = 7743729B2E965F0DC76EEBF3 /* EmptyStateView.swift */; };
		FDF9972DAEAC1F3B85CFB825 /* NotificationService.swift in Sources */ = {isa = PBXBuildFile; fileRef = 432074C1661CC4AD2DBF1B89 /* NotificationService.swift */; };
/* End PBXBuildFile section */

/* Begin PBXFileReference section */
		0E3867EDBEAAEA38CF7DACCD /* Assets.xcassets */ = {isa = PBXFileReference; lastKnownFileType = folder.assetcatalog; path = Assets.xcassets; sourceTree = "<group>"; };
		15D32272A9896E1270BE969D /* MenuBarManager.swift */ = {isa = PBXFileReference; lastKnownFileType = sourcecode.swift; path = MenuBarManager.swift; sourceTree = "<group>"; };
		38C1CA3C1E30F71AA419FAA4 /* OnboardingView.swift */ = {isa = PBXFileReference; lastKnownFileType = sourcecode.swift; path = OnboardingView.swift; sourceTree = "<group>"; };
		3A1D3A9A65EA64AD96908E72 /* DurationLabel.swift */ = {isa = PBXFileReference; lastKnownFileType = sourcecode.swift; path = DurationLabel.swift; sourceTree = "<group>"; };
		432074C1661CC4AD2DBF1B89 /* NotificationService.swift */ = {isa = PBXFileReference; lastKnownFileType = sourcecode.swift; path = NotificationService.swift; sourceTree = "<group>"; };
		465D2735056FDA70AD4D18EC /* AgentDetector.swift */ = {isa = PBXFileReference; lastKnownFileType = sourcecode.swift; path = AgentDetector.swift; sourceTree = "<group>"; };
		4DB38D983D931D6521EDE69C /* AgentMonitorApp.swift */ = {isa = PBXFileReference; lastKnownFileType = sourcecode.swift; path = AgentMonitorApp.swift; sourceTree = "<group>"; };
		573154EA4D7BF63E0DFAEE9E /* ContentView.swift */ = {isa = PBXFileReference; lastKnownFileType = sourcecode.swift; path = ContentView.swift; sourceTree = "<group>"; };
		5B68F604ABC205674EB180C2 /* ProcessTreeInfo.swift */ = {isa = PBXFileReference; lastKnownFileType = sourcecode.swift; path = ProcessTreeInfo.swift; sourceTree = "<group>"; };
		5BE428A2077C8F56A4ACE9B0 /* StatusDot.swift */ = {isa = PBXFileReference; lastKnownFileType = sourcecode.swift; path = StatusDot.swift; sourceTree = "<group>"; };
		5DD38ABA8F074A4A578EF26D /* ActivityState.swift */ = {isa = PBXFileReference; lastKnownFileType = sourcecode.swift; path = ActivityState.swift; sourceTree = "<group>"; };
		5E17178CB03740E7B225E8EA /* ActivityMonitor.swift */ = {isa = PBXFileReference; lastKnownFileType = sourcecode.swift; path = ActivityMonitor.swift; sourceTree = "<group>"; };
		6A5D38B67544ABCC194F68A3 /* ClaudeCodeDetector.swift */ = {isa = PBXFileReference; lastKnownFileType = sourcecode.swift; path = ClaudeCodeDetector.swift; sourceTree = "<group>"; };
		7743729B2E965F0DC76EEBF3 /* EmptyStateView.swift */ = {isa = PBXFileReference; lastKnownFileType = sourcecode.swift; path = EmptyStateView.swift; sourceTree = "<group>"; };
		83640AA31F9C2865AAC49E59 /* AgentInstance.swift */ = {isa = PBXFileReference; lastKnownFileType = sourcecode.swift; path = AgentInstance.swift; sourceTree = "<group>"; };
		848C2F067BBC4A08C62305A9 /* OpenCodeDetector.swift */ = {isa = PBXFileReference; lastKnownFileType = sourcecode.swift; path = OpenCodeDetector.swift; sourceTree = "<group>"; };
		A00852C0A2D49D5F9C5BB40C /* AgentMonitor.app */ = {isa = PBXFileReference; explicitFileType = wrapper.application; includeInIndex = 0; path = AgentMonitor.app; sourceTree = BUILT_PRODUCTS_DIR; };
		A8A33A20DFD2AFEF04E31D8F /* AgentMonitorService.swift */ = {isa = PBXFileReference; lastKnownFileType = sourcecode.swift; path = AgentMonitorService.swift; sourceTree = "<group>"; };
		AC696F8D3A070C57BF04D858 /* MenuBarIconState.swift */ = {isa = PBXFileReference; lastKnownFileType = sourcecode.swift; path = MenuBarIconState.swift; sourceTree = "<group>"; };
		ACF32AD48C700BED60F98088 /* ProcessTreeResolver.swift */ = {isa = PBXFileReference; lastKnownFileType = sourcecode.swift; path = ProcessTreeResolver.swift; sourceTree = "<group>"; };
		C2F2E336E4D8AB08AB9B3DBD /* AgentListView.swift */ = {isa = PBXFileReference; lastKnownFileType = sourcecode.swift; path = AgentListView.swift; sourceTree = "<group>"; };
		CA77959BF9A0D2AC9F52355C /* FocusTerminalService.swift */ = {isa = PBXFileReference; lastKnownFileType = sourcecode.swift; path = FocusTerminalService.swift; sourceTree = "<group>"; };
		E5CF63025BB7365A09F18478 /* Info.plist */ = {isa = PBXFileReference; lastKnownFileType = text.plist; path = Info.plist; sourceTree = "<group>"; };
		ECB31BB65387D9F8D7DFBCA5 /* AgentType.swift */ = {isa = PBXFileReference; lastKnownFileType = sourcecode.swift; path = AgentType.swift; sourceTree = "<group>"; };
		F9352C6F0B15B152EFF84EB9 /* AgentRowView.swift */ = {isa = PBXFileReference; lastKnownFileType = sourcecode.swift; path = AgentRowView.swift; sourceTree = "<group>"; };
/* End PBXFileReference section */

/* Begin PBXGroup section */
		04E97A72BE4CD69D57EFD3C2 /* Components */ = {
			isa = PBXGroup;
			children = (
				3A1D3A9A65EA64AD96908E72 /* DurationLabel.swift */,
				5BE428A2077C8F56A4ACE9B0 /* StatusDot.swift */,
			);
			path = Components;
			sourceTree = "<group>";
		};
		065E85A0E8B7BE8A3D515B2C /* UI */ = {
			isa = PBXGroup;
			children = (
				15D32272A9896E1270BE969D /* MenuBarManager.swift */,
			);
			path = UI;
			sourceTree = "<group>";
		};
		4FD39C401C1AC693228D89EC /* Onboarding */ = {
			isa = PBXGroup;
			children = (
				38C1CA3C1E30F71AA419FAA4 /* OnboardingView.swift */,
			);
			path = Onboarding;
			sourceTree = "<group>";
		};
		67F463DE54C89214943D770F /* Products */ = {
			isa = PBXGroup;
			children = (
				A00852C0A2D49D5F9C5BB40C /* AgentMonitor.app */,
			);
			name = Products;
			sourceTree = "<group>";
		};
		6E85A0B0CE627F27F770D417 /* Views */ = {
			isa = PBXGroup;
			children = (
				C2F2E336E4D8AB08AB9B3DBD /* AgentListView.swift */,
				F9352C6F0B15B152EFF84EB9 /* AgentRowView.swift */,
				7743729B2E965F0DC76EEBF3 /* EmptyStateView.swift */,
				04E97A72BE4CD69D57EFD3C2 /* Components */,
			);
			path = Views;
			sourceTree = "<group>";
		};
		7CF82C221CE60979A5A15282 /* Protocols */ = {
			isa = PBXGroup;
			children = (
				465D2735056FDA70AD4D18EC /* AgentDetector.swift */,
			);
			path = Protocols;
			sourceTree = "<group>";
		};
		B04108173CE5918C786BDE47 /* Core */ = {
			isa = PBXGroup;
			children = (
				ACF32AD48C700BED60F98088 /* ProcessTreeResolver.swift */,
			);
			path = Core;
			sourceTree = "<group>";
		};
		C0611C4B3479069EC3E386CF /* Monitoring */ = {
			isa = PBXGroup;
			children = (
				5E17178CB03740E7B225E8EA /* ActivityMonitor.swift */,
			);
			path = Monitoring;
			sourceTree = "<group>";
		};
		C635D36469BDFE4A86F25918 /* Notifications */ = {
			isa = PBXGroup;
			children = (
				432074C1661CC4AD2DBF1B89 /* NotificationService.swift */,
			);
			path = Notifications;
			sourceTree = "<group>";
		};
		D1971746D69732C83AC168F0 /* Models */ = {
			isa = PBXGroup;
			children = (
				5DD38ABA8F074A4A578EF26D /* ActivityState.swift */,
				83640AA31F9C2865AAC49E59 /* AgentInstance.swift */,
				ECB31BB65387D9F8D7DFBCA5 /* AgentType.swift */,
				AC696F8D3A070C57BF04D858 /* MenuBarIconState.swift */,
				5B68F604ABC205674EB180C2 /* ProcessTreeInfo.swift */,
			);
			path = Models;
			sourceTree = "<group>";
		};
		D96CD7462EB3A8A2654F5282 /* AgentMonitor */ = {
			isa = PBXGroup;
			children = (
				4DB38D983D931D6521EDE69C /* AgentMonitorApp.swift */,
				0E3867EDBEAAEA38CF7DACCD /* Assets.xcassets */,
				573154EA4D7BF63E0DFAEE9E /* ContentView.swift */,
				E5CF63025BB7365A09F18478 /* Info.plist */,
				B04108173CE5918C786BDE47 /* Core */,
				DE419477445676E17B0AFACF /* Detectors */,
				D1971746D69732C83AC168F0 /* Models */,
				C0611C4B3479069EC3E386CF /* Monitoring */,
				C635D36469BDFE4A86F25918 /* Notifications */,
				4FD39C401C1AC693228D89EC /* Onboarding */,
				7CF82C221CE60979A5A15282 /* Protocols */,
				DF503FDC0AE8C3C942C919A7 /* Services */,
				F82A5C5ABAB51B6B195FCEE1 /* Terminal */,
				065E85A0E8B7BE8A3D515B2C /* UI */,
				6E85A0B0CE627F27F770D417 /* Views */,
			);
			path = AgentMonitor;
			sourceTree = "<group>";
		};
		DD213213E8E4F71BDA89F7BE = {
			isa = PBXGroup;
			children = (
				D96CD7462EB3A8A2654F5282 /* AgentMonitor */,
				67F463DE54C89214943D770F /* Products */,
			);
			sourceTree = "<group>";
		};
		DE419477445676E17B0AFACF /* Detectors */ = {
			isa = PBXGroup;
			children = (
				6A5D38B67544ABCC194F68A3 /* ClaudeCodeDetector.swift */,
				848C2F067BBC4A08C62305A9 /* OpenCodeDetector.swift */,
			);
			path = Detectors;
			sourceTree = "<group>";
		};
		DF503FDC0AE8C3C942C919A7 /* Services */ = {
			isa = PBXGroup;
			children = (
				A8A33A20DFD2AFEF04E31D8F /* AgentMonitorService.swift */,
			);
			path = Services;
			sourceTree = "<group>";
		};
		F82A5C5ABAB51B6B195FCEE1 /* Terminal */ = {
			isa = PBXGroup;
			children = (
				CA77959BF9A0D2AC9F52355C /* FocusTerminalService.swift */,
			);
			path = Terminal;
			sourceTree = "<group>";
		};
/* End PBXGroup section */

/* Begin PBXNativeTarget section */
		9A871B5A72195E153D6AF039 /* AgentMonitor */ = {
			isa = PBXNativeTarget;
			buildConfigurationList = C5AAF2EC539BD1C4C38ED3E1 /* Build configuration list for PBXNativeTarget "AgentMonitor" */;
			buildPhases = (
				35E19A394830C96404C938E7 /* Sources */,
				5A284C6FA707CE72ED747D7B /* Resources */,
			);
			buildRules = (
			);
			dependencies = (
			);
			name = AgentMonitor;
			packageProductDependencies = (
			);
			productName = AgentMonitor;
			productReference = A00852C0A2D49D5F9C5BB40C /* AgentMonitor.app */;
			productType = "com.apple.product-type.application";
		};
/* End PBXNativeTarget section */

/* Begin PBXProject section */
		D807C909DA4252FBC823431F /* Project object */ = {
			isa = PBXProject;
			attributes = {
				BuildIndependentTargetsInParallel = YES;
				LastUpgradeCheck = 1600;
			};
			buildConfigurationList = BD6450F4AB4DEC11DE6F4EFE /* Build configuration list for PBXProject "AgentMonitor" */;
			compatibilityVersion = "Xcode 14.0";
			developmentRegion = en;
			hasScannedForEncodings = 0;
			knownRegions = (
				Base,
				en,
			);
			mainGroup = DD213213E8E4F71BDA89F7BE;
			minimizedProjectReferenceProxies = 1;
			preferredProjectObjectVersion = 77;
			projectDirPath = "";
			projectRoot = "";
			targets = (
				9A871B5A72195E153D6AF039 /* AgentMonitor */,
			);
		};
/* End PBXProject section */

/* Begin PBXResourcesBuildPhase section */
		5A284C6FA707CE72ED747D7B /* Resources */ = {
			isa = PBXResourcesBuildPhase;
			buildActionMask = 2147483647;
			files = (
				25543CCE9E0EECDCFB06842E /* Assets.xcassets in Resources */,
			);
			runOnlyForDeploymentPostprocessing = 0;
		};
/* End PBXResourcesBuildPhase section */

/* Begin PBXSourcesBuildPhase section */
		35E19A394830C96404C938E7 /* Sources */ = {
			isa = PBXSourcesBuildPhase;
			buildActionMask = 2147483647;
			files = (
				417B67C81977FD458080922C /* ActivityMonitor.swift in Sources */,
				AA0E9EB4782AC319BC91F17E /* ActivityState.swift in Sources */,
				D090E3DB31FA39782990B54F /* AgentDetector.swift in Sources */,
				54DB2A1A37C60A3D9237B5F2 /* AgentInstance.swift in Sources */,
				2E30C5BC724DD911FA03734F /* AgentListView.swift in Sources */,
				0E263671EB730954F499D481 /* AgentMonitorApp.swift in Sources */,
				82DA0432F15EF272BE9FEB83 /* AgentMonitorService.swift in Sources */,
				BCBE63650211696636E68CD5 /* AgentRowView.swift in Sources */,
				6D481BC3DAE2094D646458B4 /* AgentType.swift in Sources */,
				D064F6DF3563FA026375E3C0 /* ClaudeCodeDetector.swift in Sources */,
				D50E05572014A7B08791FD68 /* ContentView.swift in Sources */,
				B8E4DA3AC63EF60DD53BAD77 /* DurationLabel.swift in Sources */,
				E67C43DFDC55F2519246EDE2 /* EmptyStateView.swift in Sources */,
				D46FE4CFDA20AD4FB4BBB899 /* FocusTerminalService.swift in Sources */,
				461F69E301819475017FD073 /* MenuBarIconState.swift in Sources */,
				7E8B4F32FF0DD674A60DA562 /* MenuBarManager.swift in Sources */,
				FDF9972DAEAC1F3B85CFB825 /* NotificationService.swift in Sources */,
				33BD468694632D163FA45302 /* OnboardingView.swift in Sources */,
				50DB550421AB0FE3EBBA35B9 /* OpenCodeDetector.swift in Sources */,
				CED50782AE04844DAB0D9BFC /* ProcessTreeInfo.swift in Sources */,
				7C93D6C8A3A2E2D28CA771E2 /* ProcessTreeResolver.swift in Sources */,
				4D9AB59BF9E1E07E7F295CF9 /* StatusDot.swift in Sources */,
			);
			runOnlyForDeploymentPostprocessing = 0;
		};
/* End PBXSourcesBuildPhase section */

/* Begin XCBuildConfiguration section */
		65ECF19C59DEF206144B7137 /* Release */ = {
			isa = XCBuildConfiguration;
			buildSettings = {
				ASSETCATALOG_COMPILER_APPICON_NAME = AppIcon;
				CODE_SIGN_IDENTITY = "-";
				COMBINE_HIDPI_IMAGES = YES;
				ENABLE_APP_SANDBOX = NO;
				ENABLE_HARDENED_RUNTIME = YES;
				INFOPLIST_FILE = AgentMonitor/Info.plist;
				LD_RUNPATH_SEARCH_PATHS = (
					"$(inherited)",
					"@executable_path/../Frameworks",
				);
				MACOSX_DEPLOYMENT_TARGET = 14.0;
				PRODUCT_BUNDLE_IDENTIFIER = dev.piotrkulpinski.AgentMonitor;
				SDKROOT = macosx;
				SWIFT_VERSION = 5.9;
			};
			name = Release;
		};
		BDA881D9E70C35A67D15A07F /* Debug */ = {
			isa = XCBuildConfiguration;
			buildSettings = {
				ASSETCATALOG_COMPILER_APPICON_NAME = AppIcon;
				CODE_SIGN_IDENTITY = "-";
				COMBINE_HIDPI_IMAGES = YES;
				ENABLE_APP_SANDBOX = NO;
				ENABLE_HARDENED_RUNTIME = YES;
				INFOPLIST_FILE = AgentMonitor/Info.plist;
				LD_RUNPATH_SEARCH_PATHS = (
					"$(inherited)",
					"@executable_path/../Frameworks",
				);
				MACOSX_DEPLOYMENT_TARGET = 14.0;
				PRODUCT_BUNDLE_IDENTIFIER = dev.piotrkulpinski.AgentMonitor;
				SDKROOT = macosx;
				SWIFT_VERSION = 5.9;
			};
			name = Debug;
		};
		BF79824012F57A9D0FF09758 /* Debug */ = {
			isa = XCBuildConfiguration;
			buildSettings = {
				ALWAYS_SEARCH_USER_PATHS = NO;
				CLANG_ANALYZER_NONNULL = YES;
				CLANG_ANALYZER_NUMBER_OBJECT_CONVERSION = YES_AGGRESSIVE;
				CLANG_CXX_LANGUAGE_STANDARD = "gnu++14";
				CLANG_CXX_LIBRARY = "libc++";
				CLANG_ENABLE_MODULES = YES;
				CLANG_ENABLE_OBJC_ARC = YES;
				CLANG_ENABLE_OBJC_WEAK = YES;
				CLANG_WARN_BLOCK_CAPTURE_AUTORELEASING = YES;
				CLANG_WARN_BOOL_CONVERSION = YES;
				CLANG_WARN_COMMA = YES;
				CLANG_WARN_CONSTANT_CONVERSION = YES;
				CLANG_WARN_DEPRECATED_OBJC_IMPLEMENTATIONS = YES;
				CLANG_WARN_DIRECT_OBJC_ISA_USAGE = YES_ERROR;
				CLANG_WARN_DOCUMENTATION_COMMENTS = YES;
				CLANG_WARN_EMPTY_BODY = YES;
				CLANG_WARN_ENUM_CONVERSION = YES;
				CLANG_WARN_INFINITE_RECURSION = YES;
				CLANG_WARN_INT_CONVERSION = YES;
				CLANG_WARN_NON_LITERAL_NULL_CONVERSION = YES;
				CLANG_WARN_OBJC_IMPLICIT_RETAIN_SELF = YES;
				CLANG_WARN_OBJC_LITERAL_CONVERSION = YES;
				CLANG_WARN_OBJC_ROOT_CLASS = YES_ERROR;
				CLANG_WARN_QUOTED_INCLUDE_IN_FRAMEWORK_HEADER = YES;
				CLANG_WARN_RANGE_LOOP_ANALYSIS = YES;
				CLANG_WARN_STRICT_PROTOTYPES = YES;
				CLANG_WARN_SUSPICIOUS_MOVE = YES;
				CLANG_WARN_UNGUARDED_AVAILABILITY = YES_AGGRESSIVE;
				CLANG_WARN_UNREACHABLE_CODE = YES;
				CLANG_WARN__DUPLICATE_METHOD_MATCH = YES;
				COPY_PHASE_STRIP = NO;
				DEBUG_INFORMATION_FORMAT = dwarf;
				ENABLE_STRICT_OBJC_MSGSEND = YES;
				ENABLE_TESTABILITY = YES;
				GCC_C_LANGUAGE_STANDARD = gnu11;
				GCC_DYNAMIC_NO_PIC = NO;
				GCC_NO_COMMON_BLOCKS = YES;
				GCC_OPTIMIZATION_LEVEL = 0;
				GCC_PREPROCESSOR_DEFINITIONS = (
					"$(inherited)",
					"DEBUG=1",
				);
				GCC_WARN_64_TO_32_BIT_CONVERSION = YES;
				GCC_WARN_ABOUT_RETURN_TYPE = YES_ERROR;
				GCC_WARN_UNDECLARED_SELECTOR = YES;
				GCC_WARN_UNINITIALIZED_AUTOS = YES_AGGRESSIVE;
				GCC_WARN_UNUSED_FUNCTION = YES;
				GCC_WARN_UNUSED_VARIABLE = YES;
				MACOSX_DEPLOYMENT_TARGET = 14.0;
				MTL_ENABLE_DEBUG_INFO = INCLUDE_SOURCE;
				MTL_FAST_MATH = YES;
				ONLY_ACTIVE_ARCH = YES;
				PRODUCT_NAME = "$(TARGET_NAME)";
				SDKROOT = macosx;
				SWIFT_ACTIVE_COMPILATION_CONDITIONS = DEBUG;
				SWIFT_OPTIMIZATION_LEVEL = "-Onone";
				SWIFT_VERSION = 5.0;
			};
			name = Debug;
		};
		C317DE5099FDD87129611E12 /* Release */ = {
			isa = XCBuildConfiguration;
			buildSettings = {
				ALWAYS_SEARCH_USER_PATHS = NO;
				CLANG_ANALYZER_NONNULL = YES;
				CLANG_ANALYZER_NUMBER_OBJECT_CONVERSION = YES_AGGRESSIVE;
				CLANG_CXX_LANGUAGE_STANDARD = "gnu++14";
				CLANG_CXX_LIBRARY = "libc++";
				CLANG_ENABLE_MODULES = YES;
				CLANG_ENABLE_OBJC_ARC = YES;
				CLANG_ENABLE_OBJC_WEAK = YES;
				CLANG_WARN_BLOCK_CAPTURE_AUTORELEASING = YES;
				CLANG_WARN_BOOL_CONVERSION = YES;
				CLANG_WARN_COMMA = YES;
				CLANG_WARN_CONSTANT_CONVERSION = YES;
				CLANG_WARN_DEPRECATED_OBJC_IMPLEMENTATIONS = YES;
				CLANG_WARN_DIRECT_OBJC_ISA_USAGE = YES_ERROR;
				CLANG_WARN_DOCUMENTATION_COMMENTS = YES;
				CLANG_WARN_EMPTY_BODY = YES;
				CLANG_WARN_ENUM_CONVERSION = YES;
				CLANG_WARN_INFINITE_RECURSION = YES;
				CLANG_WARN_INT_CONVERSION = YES;
				CLANG_WARN_NON_LITERAL_NULL_CONVERSION = YES;
				CLANG_WARN_OBJC_IMPLICIT_RETAIN_SELF = YES;
				CLANG_WARN_OBJC_LITERAL_CONVERSION = YES;
				CLANG_WARN_OBJC_ROOT_CLASS = YES_ERROR;
				CLANG_WARN_QUOTED_INCLUDE_IN_FRAMEWORK_HEADER = YES;
				CLANG_WARN_RANGE_LOOP_ANALYSIS = YES;
				CLANG_WARN_STRICT_PROTOTYPES = YES;
				CLANG_WARN_SUSPICIOUS_MOVE = YES;
				CLANG_WARN_UNGUARDED_AVAILABILITY = YES_AGGRESSIVE;
				CLANG_WARN_UNREACHABLE_CODE = YES;
				CLANG_WARN__DUPLICATE_METHOD_MATCH = YES;
				COPY_PHASE_STRIP = NO;
				DEBUG_INFORMATION_FORMAT = "dwarf-with-dsym";
				ENABLE_NS_ASSERTIONS = NO;
				ENABLE_STRICT_OBJC_MSGSEND = YES;
				GCC_C_LANGUAGE_STANDARD = gnu11;
				GCC_NO_COMMON_BLOCKS = YES;
				GCC_WARN_64_TO_32_BIT_CONVERSION = YES;
				GCC_WARN_ABOUT_RETURN_TYPE = YES_ERROR;
				GCC_WARN_UNDECLARED_SELECTOR = YES;
				GCC_WARN_UNINITIALIZED_AUTOS = YES_AGGRESSIVE;
				GCC_WARN_UNUSED_FUNCTION = YES;
				GCC_WARN_UNUSED_VARIABLE = YES;
				MACOSX_DEPLOYMENT_TARGET = 14.0;
				MTL_ENABLE_DEBUG_INFO = NO;
				MTL_FAST_MATH = YES;
				PRODUCT_NAME = "$(TARGET_NAME)";
				SDKROOT = macosx;
				SWIFT_COMPILATION_MODE = wholemodule;
				SWIFT_OPTIMIZATION_LEVEL = "-O";
				SWIFT_VERSION = 5.0;
			};
			name = Release;
		};
/* End XCBuildConfiguration section */

/* Begin XCConfigurationList section */
		BD6450F4AB4DEC11DE6F4EFE /* Build configuration list for PBXProject "AgentMonitor" */ = {
			isa = XCConfigurationList;
			buildConfigurations = (
				BF79824012F57A9D0FF09758 /* Debug */,
				C317DE5099FDD87129611E12 /* Release */,
			);
			defaultConfigurationIsVisible = 0;
			defaultConfigurationName = Debug;
		};
		C5AAF2EC539BD1C4C38ED3E1 /* Build configuration list for PBXNativeTarget "AgentMonitor" */ = {
			isa = XCConfigurationList;
			buildConfigurations = (
				BDA881D9E70C35A67D15A07F /* Debug */,
				65ECF19C59DEF206144B7137 /* Release */,
			);
			defaultConfigurationIsVisible = 0;
			defaultConfigurationName = Debug;
		};
/* End XCConfigurationList section */
	};
	rootObject = D807C909DA4252FBC823431F /* Project object */;
}
